
Microsoft Visual Studio Solution File, Format Version 12.00
# Visual Studio Version 17
VisualStudioVersion = 17.11.35312.102
MinimumVisualStudioVersion = 10.0.40219.1
Project("{9A19103F-16F7-4668-BE54-9A1E7A4F7556}") = "TestProjectJP.Tests", "TestProjectJP\TestProjectJP.Tests.csproj", "{57E0329C-56F6-49D0-BF7E-9D048CD3BD57}"
EndProject
Project("{9A19103F-16F7-4668-BE54-9A1E7A4F7556}") = "TestProjectJP.Bindings", "TestProjectJP.Bindings\TestProjectJP.Bindings.csproj", "{17714362-0B1C-46CD-B27F-569C1FBF98E1}"
EndProject
Project("{9A19103F-16F7-4668-BE54-9A1E7A4F7556}") = "TestProjectJP.PageObjects", "TestProjectJP.PageObjects\TestProjectJP.PageObjects.csproj", "{77CFFC03-42A6-4A21-BAFF-44CCB94534D1}"
EndProject
Project("{2150E333-8FDC-42A3-9474-1A3956D46DE8}") = "Solution Items", "Solution Items", "{6FFC60BC-3415-4CF5-8B0B-D0DB4F7CFE02}"
	ProjectSection(SolutionItems) = preProject
		README.md = README.md
	EndProjectSection
EndProject
Global
	GlobalSection(SolutionConfigurationPlatforms) = preSolution
		Debug|Any CPU = Debug|Any CPU
		Release|Any CPU = Release|Any CPU
	EndGlobalSection
	GlobalSection(ProjectConfigurationPlatforms) = postSolution
		{57E0329C-56F6-49D0-BF7E-9D048CD3BD57}.Debug|Any CPU.ActiveCfg = Debug|Any CPU
		{57E0329C-56F6-49D0-BF7E-9D048CD3BD57}.Debug|Any CPU.Build.0 = Debug|Any CPU
		{57E0329C-56F6-49D0-BF7E-9D048CD3BD57}.Release|Any CPU.ActiveCfg = Release|Any CPU
		{57E0329C-56F6-49D0-BF7E-9D048CD3BD57}.Release|Any CPU.Build.0 = Release|Any CPU
		{17714362-0B1C-46CD-B27F-569C1FBF98E1}.Debug|Any CPU.ActiveCfg = Debug|Any CPU
		{17714362-0B1C-46CD-B27F-569C1FBF98E1}.Debug|Any CPU.Build.0 = Debug|Any CPU
		{17714362-0B1C-46CD-B27F-569C1FBF98E1}.Release|Any CPU.ActiveCfg = Release|Any CPU
		{17714362-0B1C-46CD-B27F-569C1FBF98E1}.Release|Any CPU.Build.0 = Release|Any CPU
		{77CFFC03-42A6-4A21-BAFF-44CCB94534D1}.Debug|Any CPU.ActiveCfg = Debug|Any CPU
		{77CFFC03-42A6-4A21-BAFF-44CCB94534D1}.Debug|Any CPU.Build.0 = Debug|Any CPU
		{77CFFC03-42A6-4A21-BAFF-44CCB94534D1}.Release|Any CPU.ActiveCfg = Release|Any CPU
		{77CFFC03-42A6-4A21-BAFF-44CCB94534D1}.Release|Any CPU.Build.0 = Release|Any CPU
	EndGlobalSection
	GlobalSection(SolutionProperties) = preSolution
		HideSolutionNode = FALSE
	EndGlobalSection
	GlobalSection(ExtensibilityGlobals) = postSolution
		SolutionGuid = {A51033AC-6D51-4E72-ACDB-FA3848633362}
	EndGlobalSection
EndGlobal
